
Microsoft Visual Studio Solution File, Format Version 12.00
# Visual Studio 15
VisualStudioVersion = 15.0.28307.421
MinimumVisualStudioVersion = 10.0.40219.1
Project("{2150E333-8FDC-42A3-9474-1A3956D46DE8}") = "0_thirdparty", "0_thirdparty", "{FAE28EC7-AA4A-47DB-9684-0D9FCD6E27C8}"
EndProject
Project("{2150E333-8FDC-42A3-9474-1A3956D46DE8}") = "1_test", "1_test", "{882954E4-26C4-4A05-99F3-0CE913FDA031}"
EndProject
Project("{8BC9CEB8-8B4A-11D0-8D11-00A0C91BC942}") = "runsuite", "test\test\runsuite\runsuite.vcxproj", "{CC2E6B0A-4EC5-3978-9624-4CDC0B2CB7FB}"
EndProject
Project("{8BC9CEB8-8B4A-11D0-8D11-00A0C91BC942}") = "runtest", "test\test\runtest\runtest.vcxproj", "{D445750D-B190-3ACD-A5BD-C20D7AE7676F}"
EndProject
Project("{8BC9CEB8-8B4A-11D0-8D11-00A0C91BC942}") = "runxmlconf", "test\test\runxmlconf\runxmlconf.vcxproj", "{E2D594F2-D22B-39D2-A0AC-AB31E83576F0}"
EndProject
Project("{8BC9CEB8-8B4A-11D0-8D11-00A0C91BC942}") = "testapi", "test\test\testapi\testapi.vcxproj", "{7268B4B7-0DFB-3A10-8897-612C0F04A1DE}"
EndProject
Project("{8BC9CEB8-8B4A-11D0-8D11-00A0C91BC942}") = "testAutomata", "test\test\testAutomata\testAutomata.vcxproj", "{6251E7D3-CE09-3CE9-8EC8-9053A1B29EF3}"
EndProject
Project("{8BC9CEB8-8B4A-11D0-8D11-00A0C91BC942}") = "testchar", "test\test\testchar\testchar.vcxproj", "{52AB1CC8-AF83-3612-BF80-9CCF014745A7}"
EndProject
Project("{8BC9CEB8-8B4A-11D0-8D11-00A0C91BC942}") = "testdict", "test\test\testdict\testdict.vcxproj", "{C1B5A43A-75BF-35DC-8F4F-3665EA145FB4}"
EndProject
Project("{8BC9CEB8-8B4A-11D0-8D11-00A0C91BC942}") = "testlimits", "test\test\testlimits\testlimits.vcxproj", "{DE574823-ABD5-3292-8215-C5314F7FD158}"
EndProject
Project("{8BC9CEB8-8B4A-11D0-8D11-00A0C91BC942}") = "testModule", "test\test\testModule\testModule.vcxproj", "{C60EEF28-718E-3EAD-AB37-84B6FC373F5C}"
EndProject
Project("{8BC9CEB8-8B4A-11D0-8D11-00A0C91BC942}") = "testrecurse", "test\test\testrecurse\testrecurse.vcxproj", "{62BF00B0-5642-3034-B0AB-1D2ED3546F3E}"
EndProject
Project("{8BC9CEB8-8B4A-11D0-8D11-00A0C91BC942}") = "testThreads", "test\test\testThreads\testThreads.vcxproj", "{9B661396-7F87-3BE8-8EA0-1F9505E70E76}"
EndProject
Project("{8BC9CEB8-8B4A-11D0-8D11-00A0C91BC942}") = "xmlcatalog", "test\test\xmlcatalog\xmlcatalog.vcxproj", "{AD273BF0-A74E-36AE-A6BC-09F71EF9B82D}"
EndProject
Project("{8BC9CEB8-8B4A-11D0-8D11-00A0C91BC942}") = "xmllint", "test\test\xmllint\xmllint.vcxproj", "{46976AE1-B24D-3863-B567-E8F8A5BCF4B8}"
EndProject
Project("{8BC9CEB8-8B4A-11D0-8D11-00A0C91BC942}") = "libxml2", "thirdparty\xml2-v2.9.14\libxml2.vcxproj", "{3BAAD622-1444-3C84-93F2-E1F2DFE525DC}"
EndProject
Project("{8BC9CEB8-8B4A-11D0-8D11-00A0C91BC942}") = "xml2", "thirdparty\xml2-v2.9.14\xml2.vcxproj", "{E7A12C0E-07B4-407C-88C6-55F151F78178}"
EndProject
Global
	GlobalSection(SolutionConfigurationPlatforms) = preSolution
		Debug|x64 = Debug|x64
		Release|x64 = Release|x64
	EndGlobalSection
	GlobalSection(ProjectConfigurationPlatforms) = postSolution
		{CC2E6B0A-4EC5-3978-9624-4CDC0B2CB7FB}.Debug|x64.ActiveCfg = Debug|x64
		{CC2E6B0A-4EC5-3978-9624-4CDC0B2CB7FB}.Debug|x64.Build.0 = Debug|x64
		{CC2E6B0A-4EC5-3978-9624-4CDC0B2CB7FB}.Release|x64.ActiveCfg = Release|x64
		{CC2E6B0A-4EC5-3978-9624-4CDC0B2CB7FB}.Release|x64.Build.0 = Release|x64
		{D445750D-B190-3ACD-A5BD-C20D7AE7676F}.Debug|x64.ActiveCfg = Debug|x64
		{D445750D-B190-3ACD-A5BD-C20D7AE7676F}.Debug|x64.Build.0 = Debug|x64
		{D445750D-B190-3ACD-A5BD-C20D7AE7676F}.Release|x64.ActiveCfg = Release|x64
		{D445750D-B190-3ACD-A5BD-C20D7AE7676F}.Release|x64.Build.0 = Release|x64
		{E2D594F2-D22B-39D2-A0AC-AB31E83576F0}.Debug|x64.ActiveCfg = Debug|x64
		{E2D594F2-D22B-39D2-A0AC-AB31E83576F0}.Debug|x64.Build.0 = Debug|x64
		{E2D594F2-D22B-39D2-A0AC-AB31E83576F0}.Release|x64.ActiveCfg = Release|x64
		{E2D594F2-D22B-39D2-A0AC-AB31E83576F0}.Release|x64.Build.0 = Release|x64
		{7268B4B7-0DFB-3A10-8897-612C0F04A1DE}.Debug|x64.ActiveCfg = Debug|x64
		{7268B4B7-0DFB-3A10-8897-612C0F04A1DE}.Debug|x64.Build.0 = Debug|x64
		{7268B4B7-0DFB-3A10-8897-612C0F04A1DE}.Release|x64.ActiveCfg = Release|x64
		{7268B4B7-0DFB-3A10-8897-612C0F04A1DE}.Release|x64.Build.0 = Release|x64
		{6251E7D3-CE09-3CE9-8EC8-9053A1B29EF3}.Debug|x64.ActiveCfg = Debug|x64
		{6251E7D3-CE09-3CE9-8EC8-9053A1B29EF3}.Debug|x64.Build.0 = Debug|x64
		{6251E7D3-CE09-3CE9-8EC8-9053A1B29EF3}.Release|x64.ActiveCfg = Release|x64
		{6251E7D3-CE09-3CE9-8EC8-9053A1B29EF3}.Release|x64.Build.0 = Release|x64
		{52AB1CC8-AF83-3612-BF80-9CCF014745A7}.Debug|x64.ActiveCfg = Debug|x64
		{52AB1CC8-AF83-3612-BF80-9CCF014745A7}.Debug|x64.Build.0 = Debug|x64
		{52AB1CC8-AF83-3612-BF80-9CCF014745A7}.Release|x64.ActiveCfg = Release|x64
		{52AB1CC8-AF83-3612-BF80-9CCF014745A7}.Release|x64.Build.0 = Release|x64
		{C1B5A43A-75BF-35DC-8F4F-3665EA145FB4}.Debug|x64.ActiveCfg = Debug|x64
		{C1B5A43A-75BF-35DC-8F4F-3665EA145FB4}.Debug|x64.Build.0 = Debug|x64
		{C1B5A43A-75BF-35DC-8F4F-3665EA145FB4}.Release|x64.ActiveCfg = Release|x64
		{C1B5A43A-75BF-35DC-8F4F-3665EA145FB4}.Release|x64.Build.0 = Release|x64
		{DE574823-ABD5-3292-8215-C5314F7FD158}.Debug|x64.ActiveCfg = Debug|x64
		{DE574823-ABD5-3292-8215-C5314F7FD158}.Debug|x64.Build.0 = Debug|x64
		{DE574823-ABD5-3292-8215-C5314F7FD158}.Release|x64.ActiveCfg = Release|x64
		{DE574823-ABD5-3292-8215-C5314F7FD158}.Release|x64.Build.0 = Release|x64
		{C60EEF28-718E-3EAD-AB37-84B6FC373F5C}.Debug|x64.ActiveCfg = Debug|x64
		{C60EEF28-718E-3EAD-AB37-84B6FC373F5C}.Debug|x64.Build.0 = Debug|x64
		{C60EEF28-718E-3EAD-AB37-84B6FC373F5C}.Release|x64.ActiveCfg = Release|x64
		{C60EEF28-718E-3EAD-AB37-84B6FC373F5C}.Release|x64.Build.0 = Release|x64
		{62BF00B0-5642-3034-B0AB-1D2ED3546F3E}.Debug|x64.ActiveCfg = Debug|x64
		{62BF00B0-5642-3034-B0AB-1D2ED3546F3E}.Debug|x64.Build.0 = Debug|x64
		{62BF00B0-5642-3034-B0AB-1D2ED3546F3E}.Release|x64.ActiveCfg = Release|x64
		{62BF00B0-5642-3034-B0AB-1D2ED3546F3E}.Release|x64.Build.0 = Release|x64
		{9B661396-7F87-3BE8-8EA0-1F9505E70E76}.Debug|x64.ActiveCfg = Debug|x64
		{9B661396-7F87-3BE8-8EA0-1F9505E70E76}.Debug|x64.Build.0 = Debug|x64
		{9B661396-7F87-3BE8-8EA0-1F9505E70E76}.Release|x64.ActiveCfg = Release|x64
		{9B661396-7F87-3BE8-8EA0-1F9505E70E76}.Release|x64.Build.0 = Release|x64
		{AD273BF0-A74E-36AE-A6BC-09F71EF9B82D}.Debug|x64.ActiveCfg = Debug|x64
		{AD273BF0-A74E-36AE-A6BC-09F71EF9B82D}.Debug|x64.Build.0 = Debug|x64
		{AD273BF0-A74E-36AE-A6BC-09F71EF9B82D}.Release|x64.ActiveCfg = Release|x64
		{AD273BF0-A74E-36AE-A6BC-09F71EF9B82D}.Release|x64.Build.0 = Release|x64
		{46976AE1-B24D-3863-B567-E8F8A5BCF4B8}.Debug|x64.ActiveCfg = Debug|x64
		{46976AE1-B24D-3863-B567-E8F8A5BCF4B8}.Debug|x64.Build.0 = Debug|x64
		{46976AE1-B24D-3863-B567-E8F8A5BCF4B8}.Release|x64.ActiveCfg = Release|x64
		{46976AE1-B24D-3863-B567-E8F8A5BCF4B8}.Release|x64.Build.0 = Release|x64
		{3BAAD622-1444-3C84-93F2-E1F2DFE525DC}.Debug|x64.ActiveCfg = Debug|x64
		{3BAAD622-1444-3C84-93F2-E1F2DFE525DC}.Debug|x64.Build.0 = Debug|x64
		{3BAAD622-1444-3C84-93F2-E1F2DFE525DC}.Release|x64.ActiveCfg = Release|x64
		{3BAAD622-1444-3C84-93F2-E1F2DFE525DC}.Release|x64.Build.0 = Release|x64
		{E7A12C0E-07B4-407C-88C6-55F151F78178}.Debug|x64.ActiveCfg = Debug|x64
		{E7A12C0E-07B4-407C-88C6-55F151F78178}.Debug|x64.Build.0 = Debug|x64
		{E7A12C0E-07B4-407C-88C6-55F151F78178}.Release|x64.ActiveCfg = Release|x64
		{E7A12C0E-07B4-407C-88C6-55F151F78178}.Release|x64.Build.0 = Release|x64
	EndGlobalSection
	GlobalSection(SolutionProperties) = preSolution
		HideSolutionNode = FALSE
	EndGlobalSection
	GlobalSection(NestedProjects) = preSolution
		{CC2E6B0A-4EC5-3978-9624-4CDC0B2CB7FB} = {882954E4-26C4-4A05-99F3-0CE913FDA031}
		{D445750D-B190-3ACD-A5BD-C20D7AE7676F} = {882954E4-26C4-4A05-99F3-0CE913FDA031}
		{E2D594F2-D22B-39D2-A0AC-AB31E83576F0} = {882954E4-26C4-4A05-99F3-0CE913FDA031}
		{7268B4B7-0DFB-3A10-8897-612C0F04A1DE} = {882954E4-26C4-4A05-99F3-0CE913FDA031}
		{6251E7D3-CE09-3CE9-8EC8-9053A1B29EF3} = {882954E4-26C4-4A05-99F3-0CE913FDA031}
		{52AB1CC8-AF83-3612-BF80-9CCF014745A7} = {882954E4-26C4-4A05-99F3-0CE913FDA031}
		{C1B5A43A-75BF-35DC-8F4F-3665EA145FB4} = {882954E4-26C4-4A05-99F3-0CE913FDA031}
		{DE574823-ABD5-3292-8215-C5314F7FD158} = {882954E4-26C4-4A05-99F3-0CE913FDA031}
		{C60EEF28-718E-3EAD-AB37-84B6FC373F5C} = {882954E4-26C4-4A05-99F3-0CE913FDA031}
		{62BF00B0-5642-3034-B0AB-1D2ED3546F3E} = {882954E4-26C4-4A05-99F3-0CE913FDA031}
		{9B661396-7F87-3BE8-8EA0-1F9505E70E76} = {882954E4-26C4-4A05-99F3-0CE913FDA031}
		{AD273BF0-A74E-36AE-A6BC-09F71EF9B82D} = {882954E4-26C4-4A05-99F3-0CE913FDA031}
		{46976AE1-B24D-3863-B567-E8F8A5BCF4B8} = {882954E4-26C4-4A05-99F3-0CE913FDA031}
		{3BAAD622-1444-3C84-93F2-E1F2DFE525DC} = {FAE28EC7-AA4A-47DB-9684-0D9FCD6E27C8}
		{E7A12C0E-07B4-407C-88C6-55F151F78178} = {FAE28EC7-AA4A-47DB-9684-0D9FCD6E27C8}
	EndGlobalSection
	GlobalSection(ExtensibilityGlobals) = postSolution
		SolutionGuid = {D821C6E0-953E-3EE6-975E-4AB6561FFD6D}
	EndGlobalSection
EndGlobal
